// !$*UTF8*$!
{
	archiveVersion = 1;
	classes = {
	};
	objectVersion = 50;
	objects = {

/* Begin PBXBuildFile section */
		740A30C9262A394600519206 /* MoviesCoreDataApp.swift in Sources */ = {isa = PBXBuildFile; fileRef = 740A30C8262A394600519206 /* MoviesCoreDataApp.swift */; };
		740A30CB262A394600519206 /* ContentView.swift in Sources */ = {isa = PBXBuildFile; fileRef = 740A30CA262A394600519206 /* ContentView.swift */; };
		740A30CD262A394700519206 /* Assets.xcassets in Resources */ = {isa = PBXBuildFile; fileRef = 740A30CC262A394700519206 /* Assets.xcassets */; };
		740A30D0262A394700519206 /* Preview Assets.xcassets in Resources */ = {isa = PBXBuildFile; fileRef = 740A30CF262A394700519206 /* Preview Assets.xcassets */; };
		740A30DF262A39F500519206 /* MovieListView.swift in Sources */ = {isa = PBXBuildFile; fileRef = 740A30DE262A39F500519206 /* MovieListView.swift */; };
		740A30E2262A3AF200519206 /* AddMovieView.swift in Sources */ = {isa = PBXBuildFile; fileRef = 740A30E1262A3AF200519206 /* AddMovieView.swift */; };
		740A30E5262A3E9600519206 /* RatingView.swift in Sources */ = {isa = PBXBuildFile; fileRef = 740A30E4262A3E9600519206 /* RatingView.swift */; };
		740A30E8262A53CD00519206 /* CoreDataProvider.swift in Sources */ = {isa = PBXBuildFile; fileRef = 740A30E7262A53CD00519206 /* CoreDataProvider.swift */; };
		740A30EC262A545700519206 /* MovieDataModel.xcdatamodeld in Sources */ = {isa = PBXBuildFile; fileRef = 740A30EA262A545700519206 /* MovieDataModel.xcdatamodeld */; };
		74160EF82630120C00F93177 /* FiltersView.swift in Sources */ = {isa = PBXBuildFile; fileRef = 74160EF72630120C00F93177 /* FiltersView.swift */; };
		74295A6A262E99A700A252C6 /* ActorDetailView.swift in Sources */ = {isa = PBXBuildFile; fileRef = 74295A69262E99A700A252C6 /* ActorDetailView.swift */; };
		742B482F262DB61D00868AEE /* Publisher+Extension.swift in Sources */ = {isa = PBXBuildFile; fileRef = 742B482E262DB61D00868AEE /* Publisher+Extension.swift */; };
		7432F6FA262E64320090CFA2 /* AddActorViewModel.swift in Sources */ = {isa = PBXBuildFile; fileRef = 7432F6F9262E64320090CFA2 /* AddActorViewModel.swift */; };
		7432F6FD262E66EB0090CFA2 /* AddActorView.swift in Sources */ = {isa = PBXBuildFile; fileRef = 7432F6FC262E66EB0090CFA2 /* AddActorView.swift */; };
		7432F700262E6C820090CFA2 /* MovieDetailView.swift in Sources */ = {isa = PBXBuildFile; fileRef = 7432F6FF262E6C820090CFA2 /* MovieDetailView.swift */; };
		7432F703262E72370090CFA2 /* ActorListView.swift in Sources */ = {isa = PBXBuildFile; fileRef = 7432F702262E72370090CFA2 /* ActorListView.swift */; };
		7432F707262E72B00090CFA2 /* ActorListViewModel.swift in Sources */ = {isa = PBXBuildFile; fileRef = 7432F706262E72B00090CFA2 /* ActorListViewModel.swift */; };
		7432F70B262E74440090CFA2 /* ActorViewModel.swift in Sources */ = {isa = PBXBuildFile; fileRef = 7432F70A262E74440090CFA2 /* ActorViewModel.swift */; };
		74AC436326311E0D00E1AA02 /* FilterViewModel.swift in Sources */ = {isa = PBXBuildFile; fileRef = 74AC436226311E0D00E1AA02 /* FilterViewModel.swift */; };
		74AC436626312EF400E1AA02 /* ActiveSheet.swift in Sources */ = {isa = PBXBuildFile; fileRef = 74AC436526312EF400E1AA02 /* ActiveSheet.swift */; };
		74B81AD1262D1B6D006D1429 /* ReviewListView.swift in Sources */ = {isa = PBXBuildFile; fileRef = 74B81AD0262D1B6D006D1429 /* ReviewListView.swift */; };
		74B81AD4262D1CCF006D1429 /* AddReviewView.swift in Sources */ = {isa = PBXBuildFile; fileRef = 74B81AD3262D1CCF006D1429 /* AddReviewView.swift */; };
		74B81AD7262D2257006D1429 /* ReviewListViewModel.swift in Sources */ = {isa = PBXBuildFile; fileRef = 74B81AD6262D2257006D1429 /* ReviewListViewModel.swift */; };
		74B81ADA262D228A006D1429 /* ReviewViewModel.swift in Sources */ = {isa = PBXBuildFile; fileRef = 74B81AD9262D228A006D1429 /* ReviewViewModel.swift */; };
		74B81ADD262D22C0006D1429 /* AddReviewViewModel.swift in Sources */ = {isa = PBXBuildFile; fileRef = 74B81ADC262D22C0006D1429 /* AddReviewViewModel.swift */; };
		74F5B407262A5E5D00F2058E /* AddMovieViewModel.swift in Sources */ = {isa = PBXBuildFile; fileRef = 74F5B406262A5E5D00F2058E /* AddMovieViewModel.swift */; };
		74F5B40A262A6ADB00F2058E /* MovieListViewModel.swift in Sources */ = {isa = PBXBuildFile; fileRef = 74F5B409262A6ADB00F2058E /* MovieListViewModel.swift */; };
		74F5B40E262A6FEC00F2058E /* MovieViewModel.swift in Sources */ = {isa = PBXBuildFile; fileRef = 74F5B40D262A6FEC00F2058E /* MovieViewModel.swift */; };
		74FC6831262A9A00002683AB /* MovieCellView.swift in Sources */ = {isa = PBXBuildFile; fileRef = 74FC6830262A9A00002683AB /* MovieCellView.swift */; };
/* End PBXBuildFile section */

/* Begin PBXFileReference section */
		740A30C5262A394600519206 /* MoviesCoreData.app */ = {isa = PBXFileReference; explicitFileType = wrapper.application; includeInIndex = 0; path = MoviesCoreData.app; sourceTree = BUILT_PRODUCTS_DIR; };
		740A30C8262A394600519206 /* MoviesCoreDataApp.swift */ = {isa = PBXFileReference; lastKnownFileType = sourcecode.swift; path = MoviesCoreDataApp.swift; sourceTree = "<group>"; };
		740A30CA262A394600519206 /* ContentView.swift */ = {isa = PBXFileReference; lastKnownFileType = sourcecode.swift; path = ContentView.swift; sourceTree = "<group>"; };
		740A30CC262A394700519206 /* Assets.xcassets */ = {isa = PBXFileReference; lastKnownFileType = folder.assetcatalog; path = Assets.xcassets; sourceTree = "<group>"; };
		740A30CF262A394700519206 /* Preview Assets.xcassets */ = {isa = PBXFileReference; lastKnownFileType = folder.assetcatalog; path = "Preview Assets.xcassets"; sourceTree = "<group>"; };
		740A30D1262A394700519206 /* Info.plist */ = {isa = PBXFileReference; lastKnownFileType = text.plist.xml; path = Info.plist; sourceTree = "<group>"; };
		740A30DE262A39F500519206 /* MovieListView.swift */ = {isa = PBXFileReference; lastKnownFileType = sourcecode.swift; path = MovieListView.swift; sourceTree = "<group>"; };
		740A30E1262A3AF200519206 /* AddMovieView.swift */ = {isa = PBXFileReference; lastKnownFileType = sourcecode.swift; path = AddMovieView.swift; sourceTree = "<group>"; };
		740A30E4262A3E9600519206 /* RatingView.swift */ = {isa = PBXFileReference; lastKnownFileType = sourcecode.swift; path = RatingView.swift; sourceTree = "<group>"; };
		740A30E7262A53CD00519206 /* CoreDataProvider.swift */ = {isa = PBXFileReference; lastKnownFileType = sourcecode.swift; path = CoreDataProvider.swift; sourceTree = "<group>"; };
		740A30EB262A545700519206 /* MovieDataModel.xcdatamodel */ = {isa = PBXFileReference; lastKnownFileType = wrapper.xcdatamodel; path = MovieDataModel.xcdatamodel; sourceTree = "<group>"; };
		74160EF72630120C00F93177 /* FiltersView.swift */ = {isa = PBXFileReference; lastKnownFileType = sourcecode.swift; path = FiltersView.swift; sourceTree = "<group>"; };
		74295A69262E99A700A252C6 /* ActorDetailView.swift */ = {isa = PBXFileReference; lastKnownFileType = sourcecode.swift; path = ActorDetailView.swift; sourceTree = "<group>"; };
		742B482E262DB61D00868AEE /* Publisher+Extension.swift */ = {isa = PBXFileReference; lastKnownFileType = sourcecode.swift; path = "Publisher+Extension.swift"; sourceTree = "<group>"; };
		7432F6F9262E64320090CFA2 /* AddActorViewModel.swift */ = {isa = PBXFileReference; lastKnownFileType = sourcecode.swift; path = AddActorViewModel.swift; sourceTree = "<group>"; };
		7432F6FC262E66EB0090CFA2 /* AddActorView.swift */ = {isa = PBXFileReference; lastKnownFileType = sourcecode.swift; path = AddActorView.swift; sourceTree = "<group>"; };
		7432F6FF262E6C820090CFA2 /* MovieDetailView.swift */ = {isa = PBXFileReference; lastKnownFileType = sourcecode.swift; path = MovieDetailView.swift; sourceTree = "<group>"; };
		7432F702262E72370090CFA2 /* ActorListView.swift */ = {isa = PBXFileReference; lastKnownFileType = sourcecode.swift; path = ActorListView.swift; sourceTree = "<group>"; };
		7432F706262E72B00090CFA2 /* ActorListViewModel.swift */ = {isa = PBXFileReference; lastKnownFileType = sourcecode.swift; path = ActorListViewModel.swift; sourceTree = "<group>"; };
		7432F70A262E74440090CFA2 /* ActorViewModel.swift */ = {isa = PBXFileReference; lastKnownFileType = sourcecode.swift; path = ActorViewModel.swift; sourceTree = "<group>"; };
		74AC436226311E0D00E1AA02 /* FilterViewModel.swift */ = {isa = PBXFileReference; lastKnownFileType = sourcecode.swift; path = FilterViewModel.swift; sourceTree = "<group>"; };
		74AC436526312EF400E1AA02 /* ActiveSheet.swift */ = {isa = PBXFileReference; lastKnownFileType = sourcecode.swift; path = ActiveSheet.swift; sourceTree = "<group>"; };
		74B81AD0262D1B6D006D1429 /* ReviewListView.swift */ = {isa = PBXFileReference; lastKnownFileType = sourcecode.swift; path = ReviewListView.swift; sourceTree = "<group>"; };
		74B81AD3262D1CCF006D1429 /* AddReviewView.swift */ = {isa = PBXFileReference; lastKnownFileType = sourcecode.swift; path = AddReviewView.swift; sourceTree = "<group>"; };
		74B81AD6262D2257006D1429 /* ReviewListViewModel.swift */ = {isa = PBXFileReference; lastKnownFileType = sourcecode.swift; path = ReviewListViewModel.swift; sourceTree = "<group>"; };
		74B81AD9262D228A006D1429 /* ReviewViewModel.swift */ = {isa = PBXFileReference; lastKnownFileType = sourcecode.swift; path = ReviewViewModel.swift; sourceTree = "<group>"; };
		74B81ADC262D22C0006D1429 /* AddReviewViewModel.swift */ = {isa = PBXFileReference; lastKnownFileType = sourcecode.swift; path = AddReviewViewModel.swift; sourceTree = "<group>"; };
		74F5B406262A5E5D00F2058E /* AddMovieViewModel.swift */ = {isa = PBXFileReference; lastKnownFileType = sourcecode.swift; path = AddMovieViewModel.swift; sourceTree = "<group>"; };
		74F5B409262A6ADB00F2058E /* MovieListViewModel.swift */ = {isa = PBXFileReference; lastKnownFileType = sourcecode.swift; path = MovieListViewModel.swift; sourceTree = "<group>"; };
		74F5B40D262A6FEC00F2058E /* MovieViewModel.swift */ = {isa = PBXFileReference; lastKnownFileType = sourcecode.swift; path = MovieViewModel.swift; sourceTree = "<group>"; };
		74FC6830262A9A00002683AB /* MovieCellView.swift */ = {isa = PBXFileReference; lastKnownFileType = sourcecode.swift; path = MovieCellView.swift; sourceTree = "<group>"; };
/* End PBXFileReference section */

/* Begin PBXFrameworksBuildPhase section */
		740A30C2262A394600519206 /* Frameworks */ = {
			isa = PBXFrameworksBuildPhase;
			buildActionMask = 2147483647;
			files = (
			);
			runOnlyForDeploymentPostprocessing = 0;
		};
/* End PBXFrameworksBuildPhase section */

/* Begin PBXGroup section */
		740A30BC262A394600519206 = {
			isa = PBXGroup;
			children = (
				740A30C7262A394600519206 /* MoviesCoreData */,
				740A30C6262A394600519206 /* Products */,
			);
			sourceTree = "<group>";
		};
		740A30C6262A394600519206 /* Products */ = {
			isa = PBXGroup;
			children = (
				740A30C5262A394600519206 /* MoviesCoreData.app */,
			);
			name = Products;
			sourceTree = "<group>";
		};
		740A30C7262A394600519206 /* MoviesCoreData */ = {
			isa = PBXGroup;
			children = (
				740A30C8262A394600519206 /* MoviesCoreDataApp.swift */,
				740A30D8262A398500519206 /* Extension */,
				740A30DD262A39C500519206 /* Model */,
				740A30D9262A399A00519206 /* Manager */,
				740A30DA262A39AA00519206 /* View */,
				740A30DC262A39B300519206 /* ViewModel */,
				740A30CC262A394700519206 /* Assets.xcassets */,
				740A30D1262A394700519206 /* Info.plist */,
				740A30CE262A394700519206 /* Preview Content */,
			);
			path = MoviesCoreData;
			sourceTree = "<group>";
		};
		740A30CE262A394700519206 /* Preview Content */ = {
			isa = PBXGroup;
			children = (
				740A30CF262A394700519206 /* Preview Assets.xcassets */,
			);
			path = "Preview Content";
			sourceTree = "<group>";
		};
		740A30D8262A398500519206 /* Extension */ = {
			isa = PBXGroup;
			children = (
				742B482E262DB61D00868AEE /* Publisher+Extension.swift */,
			);
			path = Extension;
			sourceTree = "<group>";
		};
		740A30D9262A399A00519206 /* Manager */ = {
			isa = PBXGroup;
			children = (
				740A30E7262A53CD00519206 /* CoreDataProvider.swift */,
			);
			path = Manager;
			sourceTree = "<group>";
		};
		740A30DA262A39AA00519206 /* View */ = {
			isa = PBXGroup;
			children = (
				740A30CA262A394600519206 /* ContentView.swift */,
				74295A63262E855E00A252C6 /* MovieComponent */,
				74295A65262E858900A252C6 /* ListView */,
				74295A67262E859B00A252C6 /* AddView */,
			);
			path = View;
			sourceTree = "<group>";
		};
		740A30DC262A39B300519206 /* ViewModel */ = {
			isa = PBXGroup;
			children = (
				7432F709262E74160090CFA2 /* EntityModel */,
				7432F70E262E751C0090CFA2 /* ObservableModel */,
			);
			path = ViewModel;
			sourceTree = "<group>";
		};
		740A30DD262A39C500519206 /* Model */ = {
			isa = PBXGroup;
			children = (
				740A30EA262A545700519206 /* MovieDataModel.xcdatamodeld */,
				74AC436526312EF400E1AA02 /* ActiveSheet.swift */,
			);
			path = Model;
			sourceTree = "<group>";
		};
		74295A63262E855E00A252C6 /* MovieComponent */ = {
			isa = PBXGroup;
			children = (
				74FC6830262A9A00002683AB /* MovieCellView.swift */,
				7432F6FF262E6C820090CFA2 /* MovieDetailView.swift */,
				740A30E4262A3E9600519206 /* RatingView.swift */,
				74295A69262E99A700A252C6 /* ActorDetailView.swift */,
				74160EF72630120C00F93177 /* FiltersView.swift */,
			);
			path = MovieComponent;
			sourceTree = "<group>";
		};
		74295A65262E858900A252C6 /* ListView */ = {
			isa = PBXGroup;
			children = (
				7432F702262E72370090CFA2 /* ActorListView.swift */,
				740A30DE262A39F500519206 /* MovieListView.swift */,
				74B81AD0262D1B6D006D1429 /* ReviewListView.swift */,
			);
			path = ListView;
			sourceTree = "<group>";
		};
		74295A67262E859B00A252C6 /* AddView */ = {
			isa = PBXGroup;
			children = (
				740A30E1262A3AF200519206 /* AddMovieView.swift */,
				74B81AD3262D1CCF006D1429 /* AddReviewView.swift */,
				7432F6FC262E66EB0090CFA2 /* AddActorView.swift */,
			);
			path = AddView;
			sourceTree = "<group>";
		};
		7432F709262E74160090CFA2 /* EntityModel */ = {
			isa = PBXGroup;
			children = (
				74F5B40D262A6FEC00F2058E /* MovieViewModel.swift */,
				74B81AD9262D228A006D1429 /* ReviewViewModel.swift */,
				7432F70A262E74440090CFA2 /* ActorViewModel.swift */,
			);
			path = EntityModel;
			sourceTree = "<group>";
		};
		7432F70E262E751C0090CFA2 /* ObservableModel */ = {
			isa = PBXGroup;
			children = (
				74F5B409262A6ADB00F2058E /* MovieListViewModel.swift */,
				74B81AD6262D2257006D1429 /* ReviewListViewModel.swift */,
				7432F706262E72B00090CFA2 /* ActorListViewModel.swift */,
				74F5B406262A5E5D00F2058E /* AddMovieViewModel.swift */,
				74B81ADC262D22C0006D1429 /* AddReviewViewModel.swift */,
				7432F6F9262E64320090CFA2 /* AddActorViewModel.swift */,
				74AC436226311E0D00E1AA02 /* FilterViewModel.swift */,
			);
			path = ObservableModel;
			sourceTree = "<group>";
		};
/* End PBXGroup section */

/* Begin PBXNativeTarget section */
		740A30C4262A394600519206 /* MoviesCoreData */ = {
			isa = PBXNativeTarget;
			buildConfigurationList = 740A30D4262A394700519206 /* Build configuration list for PBXNativeTarget "MoviesCoreData" */;
			buildPhases = (
				740A30C1262A394600519206 /* Sources */,
				740A30C2262A394600519206 /* Frameworks */,
				740A30C3262A394600519206 /* Resources */,
			);
			buildRules = (
			);
			dependencies = (
			);
			name = MoviesCoreData;
			productName = MoviesCoreData;
			productReference = 740A30C5262A394600519206 /* MoviesCoreData.app */;
			productType = "com.apple.product-type.application";
		};
/* End PBXNativeTarget section */

/* Begin PBXProject section */
		740A30BD262A394600519206 /* Project object */ = {
			isa = PBXProject;
			attributes = {
				LastSwiftUpdateCheck = 1240;
				LastUpgradeCheck = 1240;
				TargetAttributes = {
					740A30C4262A394600519206 = {
						CreatedOnToolsVersion = 12.4;
					};
				};
			};
			buildConfigurationList = 740A30C0262A394600519206 /* Build configuration list for PBXProject "MoviesCoreData" */;
			compatibilityVersion = "Xcode 9.3";
			developmentRegion = en;
			hasScannedForEncodings = 0;
			knownRegions = (
				en,
				Base,
			);
			mainGroup = 740A30BC262A394600519206;
			productRefGroup = 740A30C6262A394600519206 /* Products */;
			projectDirPath = "";
			projectRoot = "";
			targets = (
				740A30C4262A394600519206 /* MoviesCoreData */,
			);
		};
/* End PBXProject section */

/* Begin PBXResourcesBuildPhase section */
		740A30C3262A394600519206 /* Resources */ = {
			isa = PBXResourcesBuildPhase;
			buildActionMask = 2147483647;
			files = (
				740A30D0262A394700519206 /* Preview Assets.xcassets in Resources */,
				740A30CD262A394700519206 /* Assets.xcassets in Resources */,
			);
			runOnlyForDeploymentPostprocessing = 0;
		};
/* End PBXResourcesBuildPhase section */

/* Begin PBXSourcesBuildPhase section */
		740A30C1262A394600519206 /* Sources */ = {
			isa = PBXSourcesBuildPhase;
			buildActionMask = 2147483647;
			files = (
				740A30E8262A53CD00519206 /* CoreDataProvider.swift in Sources */,
				74F5B40E262A6FEC00F2058E /* MovieViewModel.swift in Sources */,
				742B482F262DB61D00868AEE /* Publisher+Extension.swift in Sources */,
				74B81AD7262D2257006D1429 /* ReviewListViewModel.swift in Sources */,
				740A30CB262A394600519206 /* ContentView.swift in Sources */,
				74AC436626312EF400E1AA02 /* ActiveSheet.swift in Sources */,
				74B81ADA262D228A006D1429 /* ReviewViewModel.swift in Sources */,
				7432F707262E72B00090CFA2 /* ActorListViewModel.swift in Sources */,
				7432F6FA262E64320090CFA2 /* AddActorViewModel.swift in Sources */,
				740A30E2262A3AF200519206 /* AddMovieView.swift in Sources */,
				74B81AD1262D1B6D006D1429 /* ReviewListView.swift in Sources */,
				74F5B407262A5E5D00F2058E /* AddMovieViewModel.swift in Sources */,
				7432F700262E6C820090CFA2 /* MovieDetailView.swift in Sources */,
				74FC6831262A9A00002683AB /* MovieCellView.swift in Sources */,
				7432F703262E72370090CFA2 /* ActorListView.swift in Sources */,
				740A30C9262A394600519206 /* MoviesCoreDataApp.swift in Sources */,
				74B81ADD262D22C0006D1429 /* AddReviewViewModel.swift in Sources */,
				74AC436326311E0D00E1AA02 /* FilterViewModel.swift in Sources */,
				740A30E5262A3E9600519206 /* RatingView.swift in Sources */,
				740A30EC262A545700519206 /* MovieDataModel.xcdatamodeld in Sources */,
				74B81AD4262D1CCF006D1429 /* AddReviewView.swift in Sources */,
				7432F6FD262E66EB0090CFA2 /* AddActorView.swift in Sources */,
				7432F70B262E74440090CFA2 /* ActorViewModel.swift in Sources */,
				740A30DF262A39F500519206 /* MovieListView.swift in Sources */,
				74F5B40A262A6ADB00F2058E /* MovieListViewModel.swift in Sources */,
				74295A6A262E99A700A252C6 /* ActorDetailView.swift in Sources */,
				74160EF82630120C00F93177 /* FiltersView.swift in Sources */,
			);
			runOnlyForDeploymentPostprocessing = 0;
		};
/* End PBXSourcesBuildPhase section */

/* Begin XCBuildConfiguration section */
		740A30D2262A394700519206 /* Debug */ = {
			isa = XCBuildConfiguration;
			buildSettings = {
				ALWAYS_SEARCH_USER_PATHS = NO;
				CLANG_ANALYZER_NONNULL = YES;
				CLANG_ANALYZER_NUMBER_OBJECT_CONVERSION = YES_AGGRESSIVE;
				CLANG_CXX_LANGUAGE_STANDARD = "gnu++14";
				CLANG_CXX_LIBRARY = "libc++";
				CLANG_ENABLE_MODULES = YES;
				CLANG_ENABLE_OBJC_ARC = YES;
				CLANG_ENABLE_OBJC_WEAK = YES;
				CLANG_WARN_BLOCK_CAPTURE_AUTORELEASING = YES;
				CLANG_WARN_BOOL_CONVERSION = YES;
				CLANG_WARN_COMMA = YES;
				CLANG_WARN_CONSTANT_CONVERSION = YES;
				CLANG_WARN_DEPRECATED_OBJC_IMPLEMENTATIONS = YES;
				CLANG_WARN_DIRECT_OBJC_ISA_USAGE = YES_ERROR;
				CLANG_WARN_DOCUMENTATION_COMMENTS = YES;
				CLANG_WARN_EMPTY_BODY = YES;
				CLANG_WARN_ENUM_CONVERSION = YES;
				CLANG_WARN_INFINITE_RECURSION = YES;
				CLANG_WARN_INT_CONVERSION = YES;
				CLANG_WARN_NON_LITERAL_NULL_CONVERSION = YES;
				CLANG_WARN_OBJC_IMPLICIT_RETAIN_SELF = YES;
				CLANG_WARN_OBJC_LITERAL_CONVERSION = YES;
				CLANG_WARN_OBJC_ROOT_CLASS = YES_ERROR;
				CLANG_WARN_QUOTED_INCLUDE_IN_FRAMEWORK_HEADER = YES;
				CLANG_WARN_RANGE_LOOP_ANALYSIS = YES;
				CLANG_WARN_STRICT_PROTOTYPES = YES;
				CLANG_WARN_SUSPICIOUS_MOVE = YES;
				CLANG_WARN_UNGUARDED_AVAILABILITY = YES_AGGRESSIVE;
				CLANG_WARN_UNREACHABLE_CODE = YES;
				CLANG_WARN__DUPLICATE_METHOD_MATCH = YES;
				COPY_PHASE_STRIP = NO;
				DEBUG_INFORMATION_FORMAT = dwarf;
				ENABLE_STRICT_OBJC_MSGSEND = YES;
				ENABLE_TESTABILITY = YES;
				GCC_C_LANGUAGE_STANDARD = gnu11;
				GCC_DYNAMIC_NO_PIC = NO;
				GCC_NO_COMMON_BLOCKS = YES;
				GCC_OPTIMIZATION_LEVEL = 0;
				GCC_PREPROCESSOR_DEFINITIONS = (
					"DEBUG=1",
					"$(inherited)",
				);
				GCC_WARN_64_TO_32_BIT_CONVERSION = YES;
				GCC_WARN_ABOUT_RETURN_TYPE = YES_ERROR;
				GCC_WARN_UNDECLARED_SELECTOR = YES;
				GCC_WARN_UNINITIALIZED_AUTOS = YES_AGGRESSIVE;
				GCC_WARN_UNUSED_FUNCTION = YES;
				GCC_WARN_UNUSED_VARIABLE = YES;
				IPHONEOS_DEPLOYMENT_TARGET = 14.4;
				MTL_ENABLE_DEBUG_INFO = INCLUDE_SOURCE;
				MTL_FAST_MATH = YES;
				ONLY_ACTIVE_ARCH = YES;
				SDKROOT = iphoneos;
				SWIFT_ACTIVE_COMPILATION_CONDITIONS = DEBUG;
				SWIFT_OPTIMIZATION_LEVEL = "-Onone";
			};
			name = Debug;
		};
		740A30D3262A394700519206 /* Release */ = {
			isa = XCBuildConfiguration;
			buildSettings = {
				ALWAYS_SEARCH_USER_PATHS = NO;
				CLANG_ANALYZER_NONNULL = YES;
				CLANG_ANALYZER_NUMBER_OBJECT_CONVERSION = YES_AGGRESSIVE;
				CLANG_CXX_LANGUAGE_STANDARD = "gnu++14";
				CLANG_CXX_LIBRARY = "libc++";
				CLANG_ENABLE_MODULES = YES;
				CLANG_ENABLE_OBJC_ARC = YES;
				CLANG_ENABLE_OBJC_WEAK = YES;
				CLANG_WARN_BLOCK_CAPTURE_AUTORELEASING = YES;
				CLANG_WARN_BOOL_CONVERSION = YES;
				CLANG_WARN_COMMA = YES;
				CLANG_WARN_CONSTANT_CONVERSION = YES;
				CLANG_WARN_DEPRECATED_OBJC_IMPLEMENTATIONS = YES;
				CLANG_WARN_DIRECT_OBJC_ISA_USAGE = YES_ERROR;
				CLANG_WARN_DOCUMENTATION_COMMENTS = YES;
				CLANG_WARN_EMPTY_BODY = YES;
				CLANG_WARN_ENUM_CONVERSION = YES;
				CLANG_WARN_INFINITE_RECURSION = YES;
				CLANG_WARN_INT_CONVERSION = YES;
				CLANG_WARN_NON_LITERAL_NULL_CONVERSION = YES;
				CLANG_WARN_OBJC_IMPLICIT_RETAIN_SELF = YES;
				CLANG_WARN_OBJC_LITERAL_CONVERSION = YES;
				CLANG_WARN_OBJC_ROOT_CLASS = YES_ERROR;
				CLANG_WARN_QUOTED_INCLUDE_IN_FRAMEWORK_HEADER = YES;
				CLANG_WARN_RANGE_LOOP_ANALYSIS = YES;
				CLANG_WARN_STRICT_PROTOTYPES = YES;
				CLANG_WARN_SUSPICIOUS_MOVE = YES;
				CLANG_WARN_UNGUARDED_AVAILABILITY = YES_AGGRESSIVE;
				CLANG_WARN_UNREACHABLE_CODE = YES;
				CLANG_WARN__DUPLICATE_METHOD_MATCH = YES;
				COPY_PHASE_STRIP = NO;
				DEBUG_INFORMATION_FORMAT = "dwarf-with-dsym";
				ENABLE_NS_ASSERTIONS = NO;
				ENABLE_STRICT_OBJC_MSGSEND = YES;
				GCC_C_LANGUAGE_STANDARD = gnu11;
				GCC_NO_COMMON_BLOCKS = YES;
				GCC_WARN_64_TO_32_BIT_CONVERSION = YES;
				GCC_WARN_ABOUT_RETURN_TYPE = YES_ERROR;
				GCC_WARN_UNDECLARED_SELECTOR = YES;
				GCC_WARN_UNINITIALIZED_AUTOS = YES_AGGRESSIVE;
				GCC_WARN_UNUSED_FUNCTION = YES;
				GCC_WARN_UNUSED_VARIABLE = YES;
				IPHONEOS_DEPLOYMENT_TARGET = 14.4;
				MTL_ENABLE_DEBUG_INFO = NO;
				MTL_FAST_MATH = YES;
				SDKROOT = iphoneos;
				SWIFT_COMPILATION_MODE = wholemodule;
				SWIFT_OPTIMIZATION_LEVEL = "-O";
				VALIDATE_PRODUCT = YES;
			};
			name = Release;
		};
		740A30D5262A394700519206 /* Debug */ = {
			isa = XCBuildConfiguration;
			buildSettings = {
				ASSETCATALOG_COMPILER_APPICON_NAME = AppIcon;
				ASSETCATALOG_COMPILER_GLOBAL_ACCENT_COLOR_NAME = AccentColor;
				CODE_SIGN_STYLE = Automatic;
				DEVELOPMENT_ASSET_PATHS = "\"MoviesCoreData/Preview Content\"";
				DEVELOPMENT_TEAM = 3LF677RTA3;
				ENABLE_PREVIEWS = YES;
				INFOPLIST_FILE = MoviesCoreData/Info.plist;
				IPHONEOS_DEPLOYMENT_TARGET = 14.0;
				LD_RUNPATH_SEARCH_PATHS = (
					"$(inherited)",
					"@executable_path/Frameworks",
				);
				PRODUCT_BUNDLE_IDENTIFIER = DmitryNovosyolov.MoviesCoreData;
				PRODUCT_NAME = "$(TARGET_NAME)";
				SWIFT_VERSION = 5.0;
				TARGETED_DEVICE_FAMILY = "1,2";
			};
			name = Debug;
		};
		740A30D6262A394700519206 /* Release */ = {
			isa = XCBuildConfiguration;
			buildSettings = {
				ASSETCATALOG_COMPILER_APPICON_NAME = AppIcon;
				ASSETCATALOG_COMPILER_GLOBAL_ACCENT_COLOR_NAME = AccentColor;
				CODE_SIGN_STYLE = Automatic;
				DEVELOPMENT_ASSET_PATHS = "\"MoviesCoreData/Preview Content\"";
				DEVELOPMENT_TEAM = 3LF677RTA3;
				ENABLE_PREVIEWS = YES;
				INFOPLIST_FILE = MoviesCoreData/Info.plist;
				IPHONEOS_DEPLOYMENT_TARGET = 14.0;
				LD_RUNPATH_SEARCH_PATHS = (
					"$(inherited)",
					"@executable_path/Frameworks",
				);
				PRODUCT_BUNDLE_IDENTIFIER = DmitryNovosyolov.MoviesCoreData;
				PRODUCT_NAME = "$(TARGET_NAME)";
				SWIFT_VERSION = 5.0;
				TARGETED_DEVICE_FAMILY = "1,2";
			};
			name = Release;
		};
/* End XCBuildConfiguration section */

/* Begin XCConfigurationList section */
		740A30C0262A394600519206 /* Build configuration list for PBXProject "MoviesCoreData" */ = {
			isa = XCConfigurationList;
			buildConfigurations = (
				740A30D2262A394700519206 /* Debug */,
				740A30D3262A394700519206 /* Release */,
			);
			defaultConfigurationIsVisible = 0;
			defaultConfigurationName = Release;
		};
		740A30D4262A394700519206 /* Build configuration list for PBXNativeTarget "MoviesCoreData" */ = {
			isa = XCConfigurationList;
			buildConfigurations = (
				740A30D5262A394700519206 /* Debug */,
				740A30D6262A394700519206 /* Release */,
			);
			defaultConfigurationIsVisible = 0;
			defaultConfigurationName = Release;
		};
/* End XCConfigurationList section */

/* Begin XCVersionGroup section */
		740A30EA262A545700519206 /* MovieDataModel.xcdatamodeld */ = {
			isa = XCVersionGroup;
			children = (
				740A30EB262A545700519206 /* MovieDataModel.xcdatamodel */,
			);
			currentVersion = 740A30EB262A545700519206 /* MovieDataModel.xcdatamodel */;
			path = MovieDataModel.xcdatamodeld;
			sourceTree = "<group>";
			versionGroupType = wrapper.xcdatamodel;
		};
/* End XCVersionGroup section */
	};
	rootObject = 740A30BD262A394600519206 /* Project object */;
}
